
Microsoft Visual Studio Solution File, Format Version 12.00
# Visual Studio Version 17
VisualStudioVersion = 17.10.35013.160
MinimumVisualStudioVersion = 10.0.40219.1
Project("{2150E333-8FDC-42A3-9474-1A3956D46DE8}") = "DockerCompose", "DockerCompose", "{12435D87-71BF-46C5-B5F8-120D972AA938}"
	ProjectSection(SolutionItems) = preProject
		docker-compose.yaml = docker-compose.yaml
	EndProjectSection
EndProject
Project("{2150E333-8FDC-42A3-9474-1A3956D46DE8}") = "K8S", "K8S", "{15D9A501-4D68-4AA4-B4B7-AB2B6CB68FF5}"
	ProjectSection(SolutionItems) = preProject
		assetservice-deployment.yaml = assetservice-deployment.yaml
	EndProjectSection
EndProject
Project("{9A19103F-16F7-4668-BE54-9A1E7A4F7556}") = "SandAndStones.Infrastructure", "SandAndStones.Infrastructure\SandAndStones.Infrastructure.csproj", "{AD756031-6504-4C85-BD5B-1D221D0A74F4}"
EndProject
Project("{9A19103F-16F7-4668-BE54-9A1E7A4F7556}") = "SandAndStones.Domain", "SandAndStones.Domain\SandAndStones.Domain.csproj", "{3C1D8B38-94D5-4108-BD6D-CACC37811A69}"
EndProject
Project("{54A90642-561A-4BB1-A94E-469ADEE60C69}") = "sandandstones.clientapp", "SandAndStones.ClientApp\sandandstones.clientapp.esproj", "{1BCEB47B-3A98-4B0C-A418-28B81175639D}"
EndProject
Project("{2150E333-8FDC-42A3-9474-1A3956D46DE8}") = "SandAndStones.Api", "SandAndStones.Api", "{A3DACF92-5E99-4C6E-A028-4394D35C31A7}"
EndProject
Project("{9A19103F-16F7-4668-BE54-9A1E7A4F7556}") = "SandAndStones.Asset.Api", "SandAndStones.Asset.Api\SandAndStones.Asset.Api.csproj", "{B118A265-ACD4-4E56-AB88-F1DC40CA2CAA}"
EndProject
Project("{2150E333-8FDC-42A3-9474-1A3956D46DE8}") = "SandAndStones.Domain", "SandAndStones.Domain", "{5DD7A80E-F4CF-4C31-B352-B9B2C349A4DF}"
EndProject
Project("{2150E333-8FDC-42A3-9474-1A3956D46DE8}") = "SandAndStones.Infrastructure", "SandAndStones.Infrastructure", "{BD987DDD-88C7-44C9-A0CB-2B0B0293A953}"
EndProject
Project("{2150E333-8FDC-42A3-9474-1A3956D46DE8}") = "SandAndStones.App", "SandAndStones.App", "{1B166E44-4C76-4BCF-AECB-02B4205B45F6}"
EndProject
Project("{9A19103F-16F7-4668-BE54-9A1E7A4F7556}") = "SandAndStones.App", "SandAndStones.App\SandAndStones.App.csproj", "{9EB1F4CB-FD6A-4323-ACFD-8A795E52E255}"
EndProject
Project("{2150E333-8FDC-42A3-9474-1A3956D46DE8}") = "SandAndStones.App.Tests", "SandAndStones.App.Tests", "{8530272A-427A-49E8-AA7B-4CAE5BEE6423}"
EndProject
Project("{9A19103F-16F7-4668-BE54-9A1E7A4F7556}") = "SandAndStones.App.Tests", "SandAndStones.App.Tests\SandAndStones.App.Tests.csproj", "{1797F7E4-65BF-43D9-85AC-F46C8D15B66B}"
EndProject
Project("{2150E333-8FDC-42A3-9474-1A3956D46DE8}") = "SandAndStones.Shared", "SandAndStones.Shared", "{81A2C0AF-2EBD-4CD0-967F-3F855D290570}"
EndProject
Project("{9A19103F-16F7-4668-BE54-9A1E7A4F7556}") = "SandAndStones.Shared", "SandAndStones.Shared\SandAndStones.Shared.csproj", "{F4A175CE-F545-45B9-82E2-C4DE8C55A787}"
EndProject
Project("{2150E333-8FDC-42A3-9474-1A3956D46DE8}") = "SandAndStones.ClientApp", "SandAndStones.ClientApp", "{62F32800-2F3A-4F4D-B0C1-BDF01E84A3E8}"
EndProject
Project("{FAE04EC0-301F-11D3-BF4B-00C04F79EFBC}") = "SandAndStones.Gateway.Api", "SandAndStones.Gateway.Api\SandAndStones.Gateway.Api.csproj", "{2DF3750B-ACCB-400A-9F3A-70CCEA73ADE0}"
EndProject
Project("{FAE04EC0-301F-11D3-BF4B-00C04F79EFBC}") = "SandAndStones.Texture.Api", "SandAndStones.Texture.Api\SandAndStones.Texture.Api.csproj", "{54CFACAF-ECA2-4823-BB70-36862EA5DC8D}"
EndProject
Global
	GlobalSection(SolutionConfigurationPlatforms) = preSolution
		Debug|Any CPU = Debug|Any CPU
		Release|Any CPU = Release|Any CPU
	EndGlobalSection
	GlobalSection(ProjectConfigurationPlatforms) = postSolution
		{AD756031-6504-4C85-BD5B-1D221D0A74F4}.Debug|Any CPU.ActiveCfg = Debug|Any CPU
		{AD756031-6504-4C85-BD5B-1D221D0A74F4}.Debug|Any CPU.Build.0 = Debug|Any CPU
		{AD756031-6504-4C85-BD5B-1D221D0A74F4}.Release|Any CPU.ActiveCfg = Release|Any CPU
		{AD756031-6504-4C85-BD5B-1D221D0A74F4}.Release|Any CPU.Build.0 = Release|Any CPU
		{3C1D8B38-94D5-4108-BD6D-CACC37811A69}.Debug|Any CPU.ActiveCfg = Debug|Any CPU
		{3C1D8B38-94D5-4108-BD6D-CACC37811A69}.Debug|Any CPU.Build.0 = Debug|Any CPU
		{3C1D8B38-94D5-4108-BD6D-CACC37811A69}.Release|Any CPU.ActiveCfg = Release|Any CPU
		{3C1D8B38-94D5-4108-BD6D-CACC37811A69}.Release|Any CPU.Build.0 = Release|Any CPU
		{1BCEB47B-3A98-4B0C-A418-28B81175639D}.Debug|Any CPU.ActiveCfg = Debug|Any CPU
		{1BCEB47B-3A98-4B0C-A418-28B81175639D}.Debug|Any CPU.Build.0 = Debug|Any CPU
		{1BCEB47B-3A98-4B0C-A418-28B81175639D}.Debug|Any CPU.Deploy.0 = Debug|Any CPU
		{1BCEB47B-3A98-4B0C-A418-28B81175639D}.Release|Any CPU.ActiveCfg = Release|Any CPU
		{1BCEB47B-3A98-4B0C-A418-28B81175639D}.Release|Any CPU.Build.0 = Release|Any CPU
		{1BCEB47B-3A98-4B0C-A418-28B81175639D}.Release|Any CPU.Deploy.0 = Release|Any CPU
		{B118A265-ACD4-4E56-AB88-F1DC40CA2CAA}.Debug|Any CPU.ActiveCfg = Debug|Any CPU
		{B118A265-ACD4-4E56-AB88-F1DC40CA2CAA}.Debug|Any CPU.Build.0 = Debug|Any CPU
		{B118A265-ACD4-4E56-AB88-F1DC40CA2CAA}.Release|Any CPU.ActiveCfg = Release|Any CPU
		{B118A265-ACD4-4E56-AB88-F1DC40CA2CAA}.Release|Any CPU.Build.0 = Release|Any CPU
		{9EB1F4CB-FD6A-4323-ACFD-8A795E52E255}.Debug|Any CPU.ActiveCfg = Debug|Any CPU
		{9EB1F4CB-FD6A-4323-ACFD-8A795E52E255}.Debug|Any CPU.Build.0 = Debug|Any CPU
		{9EB1F4CB-FD6A-4323-ACFD-8A795E52E255}.Release|Any CPU.ActiveCfg = Release|Any CPU
		{9EB1F4CB-FD6A-4323-ACFD-8A795E52E255}.Release|Any CPU.Build.0 = Release|Any CPU
		{1797F7E4-65BF-43D9-85AC-F46C8D15B66B}.Debug|Any CPU.ActiveCfg = Debug|Any CPU
		{1797F7E4-65BF-43D9-85AC-F46C8D15B66B}.Debug|Any CPU.Build.0 = Debug|Any CPU
		{1797F7E4-65BF-43D9-85AC-F46C8D15B66B}.Release|Any CPU.ActiveCfg = Release|Any CPU
		{1797F7E4-65BF-43D9-85AC-F46C8D15B66B}.Release|Any CPU.Build.0 = Release|Any CPU
		{F4A175CE-F545-45B9-82E2-C4DE8C55A787}.Debug|Any CPU.ActiveCfg = Debug|Any CPU
		{F4A175CE-F545-45B9-82E2-C4DE8C55A787}.Debug|Any CPU.Build.0 = Debug|Any CPU
		{F4A175CE-F545-45B9-82E2-C4DE8C55A787}.Release|Any CPU.ActiveCfg = Release|Any CPU
		{F4A175CE-F545-45B9-82E2-C4DE8C55A787}.Release|Any CPU.Build.0 = Release|Any CPU
		{2DF3750B-ACCB-400A-9F3A-70CCEA73ADE0}.Debug|Any CPU.ActiveCfg = Debug|Any CPU
		{2DF3750B-ACCB-400A-9F3A-70CCEA73ADE0}.Debug|Any CPU.Build.0 = Debug|Any CPU
		{2DF3750B-ACCB-400A-9F3A-70CCEA73ADE0}.Release|Any CPU.ActiveCfg = Release|Any CPU
		{2DF3750B-ACCB-400A-9F3A-70CCEA73ADE0}.Release|Any CPU.Build.0 = Release|Any CPU
		{54CFACAF-ECA2-4823-BB70-36862EA5DC8D}.Debug|Any CPU.ActiveCfg = Debug|Any CPU
		{54CFACAF-ECA2-4823-BB70-36862EA5DC8D}.Debug|Any CPU.Build.0 = Debug|Any CPU
		{54CFACAF-ECA2-4823-BB70-36862EA5DC8D}.Release|Any CPU.ActiveCfg = Release|Any CPU
		{54CFACAF-ECA2-4823-BB70-36862EA5DC8D}.Release|Any CPU.Build.0 = Release|Any CPU
	EndGlobalSection
	GlobalSection(SolutionProperties) = preSolution
		HideSolutionNode = FALSE
	EndGlobalSection
	GlobalSection(NestedProjects) = preSolution
		{AD756031-6504-4C85-BD5B-1D221D0A74F4} = {BD987DDD-88C7-44C9-A0CB-2B0B0293A953}
		{3C1D8B38-94D5-4108-BD6D-CACC37811A69} = {5DD7A80E-F4CF-4C31-B352-B9B2C349A4DF}
		{1BCEB47B-3A98-4B0C-A418-28B81175639D} = {62F32800-2F3A-4F4D-B0C1-BDF01E84A3E8}
		{B118A265-ACD4-4E56-AB88-F1DC40CA2CAA} = {A3DACF92-5E99-4C6E-A028-4394D35C31A7}
		{9EB1F4CB-FD6A-4323-ACFD-8A795E52E255} = {1B166E44-4C76-4BCF-AECB-02B4205B45F6}
		{1797F7E4-65BF-43D9-85AC-F46C8D15B66B} = {8530272A-427A-49E8-AA7B-4CAE5BEE6423}
		{F4A175CE-F545-45B9-82E2-C4DE8C55A787} = {81A2C0AF-2EBD-4CD0-967F-3F855D290570}
		{2DF3750B-ACCB-400A-9F3A-70CCEA73ADE0} = {A3DACF92-5E99-4C6E-A028-4394D35C31A7}
		{54CFACAF-ECA2-4823-BB70-36862EA5DC8D} = {A3DACF92-5E99-4C6E-A028-4394D35C31A7}
	EndGlobalSection
	GlobalSection(ExtensibilityGlobals) = postSolution
		SolutionGuid = {6B47B0CA-2F85-418E-AF19-DD93D4EC431A}
	EndGlobalSection
EndGlobal
